{
  "nodes": {
    "agenix": {
      "inputs": {
        "darwin": [
          "darwin"
        ],
        "home-manager": [
          "home-manager"
        ],
        "nixpkgs": [
          "nixpkgs"
        ],
        "systems": [
          "systems"
        ]
      },
      "locked": {
        "lastModified": 1736955230,
        "narHash": "sha256-uenf8fv2eG5bKM8C/UvFaiJMZ4IpUFaQxk9OH5t/1gA=",
        "owner": "ryantm",
        "repo": "agenix",
        "rev": "e600439ec4c273cf11e06fe4d9d906fb98fa097c",
        "type": "github"
      },
      "original": {
        "owner": "ryantm",
        "repo": "agenix",
        "type": "github"
      }
    },
    "darwin": {
      "inputs": {
        "nixpkgs": [
          "nixpkgs"
        ]
      },
      "locked": {
        "lastModified": 1740755725,
        "narHash": "sha256-amZbqP84H/ApugaT+TADXTB3NbjkVHI9Vac1saIk0kE=",
        "owner": "lnl7",
        "repo": "nix-darwin",
        "rev": "5d6e0851b60508cffd66b4a6982440a40720338d",
        "type": "github"
      },
      "original": {
        "owner": "lnl7",
        "ref": "master",
        "repo": "nix-darwin",
        "type": "github"
      }
    },
    "home-manager": {
      "inputs": {
        "nixpkgs": [
          "nixpkgs"
        ]
      },
      "locked": {
        "lastModified": 1740796616,
        "narHash": "sha256-JU97wIfRxeFN6rpTsUVCwWAdix+Wka4Or23907YIrFI=",
        "owner": "nix-community",
        "repo": "home-manager",
        "rev": "f0b5e7e8a75abdea32bbff09ddd7b6eeb4b9b445",
        "type": "github"
      },
      "original": {
        "owner": "nix-community",
        "repo": "home-manager",
        "type": "github"
      }
    },
    "nixpkgs": {
      "locked": {
        "lastModified": 1740762151,
        "narHash": "sha256-Rn0j0gP6po1m46RsW/4jrn7938TZGR+wRZ0+MSZThBg=",
        "owner": "nixos",
        "repo": "nixpkgs",
        "rev": "5954d3359cc7178623da6c7fd23dc7f7504d7187",
        "type": "github"
      },
      "original": {
        "owner": "nixos",
        "ref": "nixpkgs-unstable",
        "repo": "nixpkgs",
        "type": "github"
      }
    },
    "nixpkgs-fix-azure-modules": {
      "locked": {
        "lastModified": 1738483920,
        "narHash": "sha256-m/Bgc4CVfx1hO/HzTxdnrLTQoIVupBxQH+zjuncYdKE=",
        "owner": "codgician",
        "repo": "nixpkgs",
        "rev": "1460db45f63a3d402aaff35b7463805c2b6d98a1",
        "type": "github"
      },
      "original": {
        "owner": "codgician",
        "ref": "fix-azure-modules",
        "repo": "nixpkgs",
        "type": "github"
      }
    },
    "root": {
      "inputs": {
        "agenix": "agenix",
        "darwin": "darwin",
        "home-manager": "home-manager",
        "nixpkgs": "nixpkgs",
        "nixpkgs-fix-azure-modules": "nixpkgs-fix-azure-modules",
        "rosetta": "rosetta",
        "systems": "systems"
      }
    },
    "rosetta": {
      "inputs": {
        "nixpkgs": [
          "nixpkgs"
        ],
        "systems": [
          "systems"
        ]
      },
      "locked": {
        "lastModified": 1736191541,
        "narHash": "sha256-Mh9I0/y5AKsrYn2jkvq7WasXkbgl4hSB35fMk5JzG7A=",
        "owner": "usertam",
        "repo": "rosetta",
        "rev": "f0defc7941cf160a21c80eee79223c8822b79371",
        "type": "github"
      },
      "original": {
        "owner": "usertam",
        "repo": "rosetta",
        "type": "github"
      }
    },
    "systems": {
      "locked": {
        "lastModified": 1720271492,
        "narHash": "sha256-cENmgXqL46qhgPEq5jQ4PTTKWqR2ELXitvMRcogHyv0=",
        "owner": "usertam",
        "repo": "nix-systems",
        "rev": "d0c54b2cf021cba6d77249d0e425df63486a2573",
        "type": "github"
      },
      "original": {
        "owner": "usertam",
        "repo": "nix-systems",
        "type": "github"
      }
    }
  },
  "root": "root",
  "version": 7
}
